// !$*UTF8*$!
{
	archiveVersion = 1;
	classes = {
	};
	objectVersion = 50;
	objects = {

/* Begin PBXBuildFile section */
		D743EDFD23EB6F4100199F54 /* SearchViewModel.swift in Sources */ = {isa = PBXBuildFile; fileRef = D743EDFC23EB6F4100199F54 /* SearchViewModel.swift */; };
		D743EE0023EB777C00199F54 /* AlbumsViewController.swift in Sources */ = {isa = PBXBuildFile; fileRef = D743EDFE23EB777C00199F54 /* AlbumsViewController.swift */; };
		D743EE0123EB777C00199F54 /* AlbumsViewController.xib in Resources */ = {isa = PBXBuildFile; fileRef = D743EDFF23EB777C00199F54 /* AlbumsViewController.xib */; };
		D76413D923E96F0D00763DE2 /* AppDelegate.swift in Sources */ = {isa = PBXBuildFile; fileRef = D76413D823E96F0D00763DE2 /* AppDelegate.swift */; };
		D76413DB23E96F0D00763DE2 /* SceneDelegate.swift in Sources */ = {isa = PBXBuildFile; fileRef = D76413DA23E96F0D00763DE2 /* SceneDelegate.swift */; };
		D76413DD23E96F0D00763DE2 /* SearchVC.swift in Sources */ = {isa = PBXBuildFile; fileRef = D76413DC23E96F0D00763DE2 /* SearchVC.swift */; };
		D76413E223E96F0E00763DE2 /* Assets.xcassets in Resources */ = {isa = PBXBuildFile; fileRef = D76413E123E96F0E00763DE2 /* Assets.xcassets */; };
		D76413E523E96F0E00763DE2 /* LaunchScreen.storyboard in Resources */ = {isa = PBXBuildFile; fileRef = D76413E323E96F0E00763DE2 /* LaunchScreen.storyboard */; };
		D76413F023E96F0E00763DE2 /* DeezerAPITestTests.swift in Sources */ = {isa = PBXBuildFile; fileRef = D76413EF23E96F0E00763DE2 /* DeezerAPITestTests.swift */; };
		D76413FB23E96F0E00763DE2 /* DeezerAPITestUITests.swift in Sources */ = {isa = PBXBuildFile; fileRef = D76413FA23E96F0E00763DE2 /* DeezerAPITestUITests.swift */; };
		D764140923E9720800763DE2 /* MainCoordinator.swift in Sources */ = {isa = PBXBuildFile; fileRef = D764140823E9720800763DE2 /* MainCoordinator.swift */; };
		D764140B23E973BC00763DE2 /* SearchVC.xib in Resources */ = {isa = PBXBuildFile; fileRef = D764140A23E973BC00763DE2 /* SearchVC.xib */; };
		D77547E423EC9187000BA5BA /* AlbumsCollectionViewCell.swift in Sources */ = {isa = PBXBuildFile; fileRef = D77547E223EC9187000BA5BA /* AlbumsCollectionViewCell.swift */; };
		D77547E523EC9187000BA5BA /* AlbumsCollectionViewCell.xib in Resources */ = {isa = PBXBuildFile; fileRef = D77547E323EC9187000BA5BA /* AlbumsCollectionViewCell.xib */; };
		D77547E723EC99EF000BA5BA /* UIFont+Extensions.swift in Sources */ = {isa = PBXBuildFile; fileRef = D77547E623EC99EF000BA5BA /* UIFont+Extensions.swift */; };
		D77547E923ECA227000BA5BA /* AlbumsViewModel.swift in Sources */ = {isa = PBXBuildFile; fileRef = D77547E823ECA227000BA5BA /* AlbumsViewModel.swift */; };
		D77547EB23ECA262000BA5BA /* Artist.swift in Sources */ = {isa = PBXBuildFile; fileRef = D77547EA23ECA262000BA5BA /* Artist.swift */; };
		D77547EE23ECA28E000BA5BA /* AlbumBasic.swift in Sources */ = {isa = PBXBuildFile; fileRef = D77547ED23ECA28E000BA5BA /* AlbumBasic.swift */; };
		D77547F023ECA4B2000BA5BA /* ApiService+Albums.swift in Sources */ = {isa = PBXBuildFile; fileRef = D77547EF23ECA4B2000BA5BA /* ApiService+Albums.swift */; };
		D77547F223ECC18E000BA5BA /* AlbumDetail.swift in Sources */ = {isa = PBXBuildFile; fileRef = D77547F123ECC18E000BA5BA /* AlbumDetail.swift */; };
		D796375723E98F8900F6707D /* ApiService.swift in Sources */ = {isa = PBXBuildFile; fileRef = D796375623E98F8900F6707D /* ApiService.swift */; };
		D796375923E995F700F6707D /* ApiResponse.swift in Sources */ = {isa = PBXBuildFile; fileRef = D796375823E995F700F6707D /* ApiResponse.swift */; };
		D796375B23E9A11800F6707D /* ApiRequest.swift in Sources */ = {isa = PBXBuildFile; fileRef = D796375A23E9A11800F6707D /* ApiRequest.swift */; };
		D796375D23E9A42200F6707D /* ApiService+Search.swift in Sources */ = {isa = PBXBuildFile; fileRef = D796375C23E9A42200F6707D /* ApiService+Search.swift */; };
		D796376123E9B26100F6707D /* ArtistTableViewCell.swift in Sources */ = {isa = PBXBuildFile; fileRef = D796375F23E9B26100F6707D /* ArtistTableViewCell.swift */; };
		D796376223E9B26100F6707D /* ArtistTableViewCell.xib in Resources */ = {isa = PBXBuildFile; fileRef = D796376023E9B26100F6707D /* ArtistTableViewCell.xib */; };
		D796376423E9B49C00F6707D /* UIColor+Extension.swift in Sources */ = {isa = PBXBuildFile; fileRef = D796376323E9B49C00F6707D /* UIColor+Extension.swift */; };
		D796376A23E9C1AE00F6707D /* UIImage+Extension.swift in Sources */ = {isa = PBXBuildFile; fileRef = D796376923E9C1AE00F6707D /* UIImage+Extension.swift */; };
		D796376C23E9C2F700F6707D /* ViewLoader.swift in Sources */ = {isa = PBXBuildFile; fileRef = D796376B23E9C2F700F6707D /* ViewLoader.swift */; };
		D796376E23E9E5A400F6707D /* UISearchBar+Extension.swift in Sources */ = {isa = PBXBuildFile; fileRef = D796376D23E9E5A400F6707D /* UISearchBar+Extension.swift */; };
		D79DC3B523EEDD1E00F32A21 /* Debouncer.swift in Sources */ = {isa = PBXBuildFile; fileRef = D79DC3B423EEDD1E00F32A21 /* Debouncer.swift */; };
		D79E034423EDE17100523266 /* AlbumDetailViewController.swift in Sources */ = {isa = PBXBuildFile; fileRef = D79E034223EDE17100523266 /* AlbumDetailViewController.swift */; };
		D79E034523EDE17100523266 /* AlbumDetailViewController.xib in Resources */ = {isa = PBXBuildFile; fileRef = D79E034323EDE17100523266 /* AlbumDetailViewController.xib */; };
		D79E034823EE051200523266 /* TrackTableViewCell.swift in Sources */ = {isa = PBXBuildFile; fileRef = D79E034623EE051200523266 /* TrackTableViewCell.swift */; };
		D79E034923EE051200523266 /* TrackTableViewCell.xib in Resources */ = {isa = PBXBuildFile; fileRef = D79E034723EE051200523266 /* TrackTableViewCell.xib */; };
		D79E034B23EE0F4300523266 /* Track.swift in Sources */ = {isa = PBXBuildFile; fileRef = D79E034A23EE0F4300523266 /* Track.swift */; };
		D79E034D23EE0FC500523266 /* ApiService+Tracklist.swift in Sources */ = {isa = PBXBuildFile; fileRef = D79E034C23EE0FC500523266 /* ApiService+Tracklist.swift */; };
		D7CF170123EEB60B00C616FB /* Int+Extension.swift in Sources */ = {isa = PBXBuildFile; fileRef = D7CF170023EEB60B00C616FB /* Int+Extension.swift */; };
/* End PBXBuildFile section */

/* Begin PBXContainerItemProxy section */
		D76413EC23E96F0E00763DE2 /* PBXContainerItemProxy */ = {
			isa = PBXContainerItemProxy;
			containerPortal = D76413CD23E96F0D00763DE2 /* Project object */;
			proxyType = 1;
			remoteGlobalIDString = D76413D423E96F0D00763DE2;
			remoteInfo = DeezerAPITest;
		};
		D76413F723E96F0E00763DE2 /* PBXContainerItemProxy */ = {
			isa = PBXContainerItemProxy;
			containerPortal = D76413CD23E96F0D00763DE2 /* Project object */;
			proxyType = 1;
			remoteGlobalIDString = D76413D423E96F0D00763DE2;
			remoteInfo = DeezerAPITest;
		};
/* End PBXContainerItemProxy section */

/* Begin PBXFileReference section */
		D743EDFC23EB6F4100199F54 /* SearchViewModel.swift */ = {isa = PBXFileReference; lastKnownFileType = sourcecode.swift; path = SearchViewModel.swift; sourceTree = "<group>"; };
		D743EDFE23EB777C00199F54 /* AlbumsViewController.swift */ = {isa = PBXFileReference; lastKnownFileType = sourcecode.swift; path = AlbumsViewController.swift; sourceTree = "<group>"; };
		D743EDFF23EB777C00199F54 /* AlbumsViewController.xib */ = {isa = PBXFileReference; lastKnownFileType = file.xib; path = AlbumsViewController.xib; sourceTree = "<group>"; };
		D76413D523E96F0D00763DE2 /* DeezerAPITest.app */ = {isa = PBXFileReference; explicitFileType = wrapper.application; includeInIndex = 0; path = DeezerAPITest.app; sourceTree = BUILT_PRODUCTS_DIR; };
		D76413D823E96F0D00763DE2 /* AppDelegate.swift */ = {isa = PBXFileReference; lastKnownFileType = sourcecode.swift; path = AppDelegate.swift; sourceTree = "<group>"; };
		D76413DA23E96F0D00763DE2 /* SceneDelegate.swift */ = {isa = PBXFileReference; lastKnownFileType = sourcecode.swift; path = SceneDelegate.swift; sourceTree = "<group>"; };
		D76413DC23E96F0D00763DE2 /* SearchVC.swift */ = {isa = PBXFileReference; lastKnownFileType = sourcecode.swift; path = SearchVC.swift; sourceTree = "<group>"; };
		D76413E123E96F0E00763DE2 /* Assets.xcassets */ = {isa = PBXFileReference; lastKnownFileType = folder.assetcatalog; path = Assets.xcassets; sourceTree = "<group>"; };
		D76413E423E96F0E00763DE2 /* Base */ = {isa = PBXFileReference; lastKnownFileType = file.storyboard; name = Base; path = Base.lproj/LaunchScreen.storyboard; sourceTree = "<group>"; };
		D76413E623E96F0E00763DE2 /* Info.plist */ = {isa = PBXFileReference; lastKnownFileType = text.plist.xml; path = Info.plist; sourceTree = "<group>"; };
		D76413EB23E96F0E00763DE2 /* DeezerAPITestTests.xctest */ = {isa = PBXFileReference; explicitFileType = wrapper.cfbundle; includeInIndex = 0; path = DeezerAPITestTests.xctest; sourceTree = BUILT_PRODUCTS_DIR; };
		D76413EF23E96F0E00763DE2 /* DeezerAPITestTests.swift */ = {isa = PBXFileReference; lastKnownFileType = sourcecode.swift; path = DeezerAPITestTests.swift; sourceTree = "<group>"; };
		D76413F123E96F0E00763DE2 /* Info.plist */ = {isa = PBXFileReference; lastKnownFileType = text.plist.xml; path = Info.plist; sourceTree = "<group>"; };
		D76413F623E96F0E00763DE2 /* DeezerAPITestUITests.xctest */ = {isa = PBXFileReference; explicitFileType = wrapper.cfbundle; includeInIndex = 0; path = DeezerAPITestUITests.xctest; sourceTree = BUILT_PRODUCTS_DIR; };
		D76413FA23E96F0E00763DE2 /* DeezerAPITestUITests.swift */ = {isa = PBXFileReference; lastKnownFileType = sourcecode.swift; path = DeezerAPITestUITests.swift; sourceTree = "<group>"; };
		D76413FC23E96F0E00763DE2 /* Info.plist */ = {isa = PBXFileReference; lastKnownFileType = text.plist.xml; path = Info.plist; sourceTree = "<group>"; };
		D764140823E9720800763DE2 /* MainCoordinator.swift */ = {isa = PBXFileReference; lastKnownFileType = sourcecode.swift; path = MainCoordinator.swift; sourceTree = "<group>"; };
		D764140A23E973BC00763DE2 /* SearchVC.xib */ = {isa = PBXFileReference; lastKnownFileType = file.xib; path = SearchVC.xib; sourceTree = "<group>"; };
		D77547E223EC9187000BA5BA /* AlbumsCollectionViewCell.swift */ = {isa = PBXFileReference; lastKnownFileType = sourcecode.swift; path = AlbumsCollectionViewCell.swift; sourceTree = "<group>"; };
		D77547E323EC9187000BA5BA /* AlbumsCollectionViewCell.xib */ = {isa = PBXFileReference; lastKnownFileType = file.xib; path = AlbumsCollectionViewCell.xib; sourceTree = "<group>"; };
		D77547E623EC99EF000BA5BA /* UIFont+Extensions.swift */ = {isa = PBXFileReference; lastKnownFileType = sourcecode.swift; path = "UIFont+Extensions.swift"; sourceTree = "<group>"; };
		D77547E823ECA227000BA5BA /* AlbumsViewModel.swift */ = {isa = PBXFileReference; lastKnownFileType = sourcecode.swift; path = AlbumsViewModel.swift; sourceTree = "<group>"; };
		D77547EA23ECA262000BA5BA /* Artist.swift */ = {isa = PBXFileReference; lastKnownFileType = sourcecode.swift; path = Artist.swift; sourceTree = "<group>"; };
		D77547ED23ECA28E000BA5BA /* AlbumBasic.swift */ = {isa = PBXFileReference; lastKnownFileType = sourcecode.swift; path = AlbumBasic.swift; sourceTree = "<group>"; };
		D77547EF23ECA4B2000BA5BA /* ApiService+Albums.swift */ = {isa = PBXFileReference; lastKnownFileType = sourcecode.swift; path = "ApiService+Albums.swift"; sourceTree = "<group>"; };
		D77547F123ECC18E000BA5BA /* AlbumDetail.swift */ = {isa = PBXFileReference; lastKnownFileType = sourcecode.swift; path = AlbumDetail.swift; sourceTree = "<group>"; };
		D796375623E98F8900F6707D /* ApiService.swift */ = {isa = PBXFileReference; lastKnownFileType = sourcecode.swift; path = ApiService.swift; sourceTree = "<group>"; };
		D796375823E995F700F6707D /* ApiResponse.swift */ = {isa = PBXFileReference; lastKnownFileType = sourcecode.swift; path = ApiResponse.swift; sourceTree = "<group>"; };
		D796375A23E9A11800F6707D /* ApiRequest.swift */ = {isa = PBXFileReference; lastKnownFileType = sourcecode.swift; path = ApiRequest.swift; sourceTree = "<group>"; };
		D796375C23E9A42200F6707D /* ApiService+Search.swift */ = {isa = PBXFileReference; lastKnownFileType = sourcecode.swift; path = "ApiService+Search.swift"; sourceTree = "<group>"; };
		D796375F23E9B26100F6707D /* ArtistTableViewCell.swift */ = {isa = PBXFileReference; lastKnownFileType = sourcecode.swift; path = ArtistTableViewCell.swift; sourceTree = "<group>"; };
		D796376023E9B26100F6707D /* ArtistTableViewCell.xib */ = {isa = PBXFileReference; lastKnownFileType = file.xib; path = ArtistTableViewCell.xib; sourceTree = "<group>"; };
		D796376323E9B49C00F6707D /* UIColor+Extension.swift */ = {isa = PBXFileReference; lastKnownFileType = sourcecode.swift; path = "UIColor+Extension.swift"; sourceTree = "<group>"; };
		D796376923E9C1AE00F6707D /* UIImage+Extension.swift */ = {isa = PBXFileReference; lastKnownFileType = sourcecode.swift; path = "UIImage+Extension.swift"; sourceTree = "<group>"; };
		D796376B23E9C2F700F6707D /* ViewLoader.swift */ = {isa = PBXFileReference; lastKnownFileType = sourcecode.swift; path = ViewLoader.swift; sourceTree = "<group>"; };
		D796376D23E9E5A400F6707D /* UISearchBar+Extension.swift */ = {isa = PBXFileReference; lastKnownFileType = sourcecode.swift; path = "UISearchBar+Extension.swift"; sourceTree = "<group>"; };
		D79DC3B423EEDD1E00F32A21 /* Debouncer.swift */ = {isa = PBXFileReference; lastKnownFileType = sourcecode.swift; path = Debouncer.swift; sourceTree = "<group>"; };
		D79E034223EDE17100523266 /* AlbumDetailViewController.swift */ = {isa = PBXFileReference; lastKnownFileType = sourcecode.swift; path = AlbumDetailViewController.swift; sourceTree = "<group>"; };
		D79E034323EDE17100523266 /* AlbumDetailViewController.xib */ = {isa = PBXFileReference; lastKnownFileType = file.xib; path = AlbumDetailViewController.xib; sourceTree = "<group>"; };
		D79E034623EE051200523266 /* TrackTableViewCell.swift */ = {isa = PBXFileReference; lastKnownFileType = sourcecode.swift; path = TrackTableViewCell.swift; sourceTree = "<group>"; };
		D79E034723EE051200523266 /* TrackTableViewCell.xib */ = {isa = PBXFileReference; lastKnownFileType = file.xib; path = TrackTableViewCell.xib; sourceTree = "<group>"; };
		D79E034A23EE0F4300523266 /* Track.swift */ = {isa = PBXFileReference; lastKnownFileType = sourcecode.swift; path = Track.swift; sourceTree = "<group>"; };
		D79E034C23EE0FC500523266 /* ApiService+Tracklist.swift */ = {isa = PBXFileReference; lastKnownFileType = sourcecode.swift; path = "ApiService+Tracklist.swift"; sourceTree = "<group>"; };
		D7CF170023EEB60B00C616FB /* Int+Extension.swift */ = {isa = PBXFileReference; lastKnownFileType = sourcecode.swift; path = "Int+Extension.swift"; sourceTree = "<group>"; };
/* End PBXFileReference section */

/* Begin PBXFrameworksBuildPhase section */
		D76413D223E96F0D00763DE2 /* Frameworks */ = {
			isa = PBXFrameworksBuildPhase;
			buildActionMask = 2147483647;
			files = (
			);
			runOnlyForDeploymentPostprocessing = 0;
		};
		D76413E823E96F0E00763DE2 /* Frameworks */ = {
			isa = PBXFrameworksBuildPhase;
			buildActionMask = 2147483647;
			files = (
			);
			runOnlyForDeploymentPostprocessing = 0;
		};
		D76413F323E96F0E00763DE2 /* Frameworks */ = {
			isa = PBXFrameworksBuildPhase;
			buildActionMask = 2147483647;
			files = (
			);
			runOnlyForDeploymentPostprocessing = 0;
		};
/* End PBXFrameworksBuildPhase section */

/* Begin PBXGroup section */
		D743EE0223EB778000199F54 /* Albums */ = {
			isa = PBXGroup;
			children = (
				D77547E823ECA227000BA5BA /* AlbumsViewModel.swift */,
				D743EDFE23EB777C00199F54 /* AlbumsViewController.swift */,
				D743EDFF23EB777C00199F54 /* AlbumsViewController.xib */,
			);
			path = Albums;
			sourceTree = "<group>";
		};
		D76413CC23E96F0D00763DE2 = {
			isa = PBXGroup;
			children = (
				D76413D723E96F0D00763DE2 /* DeezerAPITest */,
				D76413EE23E96F0E00763DE2 /* DeezerAPITestTests */,
				D76413F923E96F0E00763DE2 /* DeezerAPITestUITests */,
				D76413D623E96F0D00763DE2 /* Products */,
			);
			sourceTree = "<group>";
		};
		D76413D623E96F0D00763DE2 /* Products */ = {
			isa = PBXGroup;
			children = (
				D76413D523E96F0D00763DE2 /* DeezerAPITest.app */,
				D76413EB23E96F0E00763DE2 /* DeezerAPITestTests.xctest */,
				D76413F623E96F0E00763DE2 /* DeezerAPITestUITests.xctest */,
			);
			name = Products;
			sourceTree = "<group>";
		};
		D76413D723E96F0D00763DE2 /* DeezerAPITest */ = {
			isa = PBXGroup;
			children = (
				D796376823E9B8C000F6707D /* BASE */,
				D796375E23E9B0B700F6707D /* ApiService */,
				D79DC3B323EEDD0D00F32A21 /* Screens */,
				D79DC3B223EEDCE000F32A21 /* CollectionViewCells */,
				D796376523E9B86300F6707D /* TableCells */,
				D796376723E9B87B00F6707D /* Extensions */,
				D76413E123E96F0E00763DE2 /* Assets.xcassets */,
				D76413E323E96F0E00763DE2 /* LaunchScreen.storyboard */,
				D76413E623E96F0E00763DE2 /* Info.plist */,
				D79DC3B623EEDD2200F32A21 /* Helpers */,
			);
			path = DeezerAPITest;
			sourceTree = "<group>";
		};
		D76413EE23E96F0E00763DE2 /* DeezerAPITestTests */ = {
			isa = PBXGroup;
			children = (
				D76413EF23E96F0E00763DE2 /* DeezerAPITestTests.swift */,
				D76413F123E96F0E00763DE2 /* Info.plist */,
			);
			path = DeezerAPITestTests;
			sourceTree = "<group>";
		};
		D76413F923E96F0E00763DE2 /* DeezerAPITestUITests */ = {
			isa = PBXGroup;
			children = (
				D76413FA23E96F0E00763DE2 /* DeezerAPITestUITests.swift */,
				D76413FC23E96F0E00763DE2 /* Info.plist */,
			);
			path = DeezerAPITestUITests;
			sourceTree = "<group>";
		};
		D77547EC23ECA267000BA5BA /* Response */ = {
			isa = PBXGroup;
			children = (
				D77547EA23ECA262000BA5BA /* Artist.swift */,
				D77547ED23ECA28E000BA5BA /* AlbumBasic.swift */,
				D79E034A23EE0F4300523266 /* Track.swift */,
				D77547F123ECC18E000BA5BA /* AlbumDetail.swift */,
			);
			path = Response;
			sourceTree = "<group>";
		};
		D796375E23E9B0B700F6707D /* ApiService */ = {
			isa = PBXGroup;
			children = (
				D796375623E98F8900F6707D /* ApiService.swift */,
				D796375A23E9A11800F6707D /* ApiRequest.swift */,
				D796375823E995F700F6707D /* ApiResponse.swift */,
				D796375C23E9A42200F6707D /* ApiService+Search.swift */,
				D77547EF23ECA4B2000BA5BA /* ApiService+Albums.swift */,
				D79E034C23EE0FC500523266 /* ApiService+Tracklist.swift */,
				D77547EC23ECA267000BA5BA /* Response */,
			);
			path = ApiService;
			sourceTree = "<group>";
		};
		D796376523E9B86300F6707D /* TableCells */ = {
			isa = PBXGroup;
			children = (
				D796375F23E9B26100F6707D /* ArtistTableViewCell.swift */,
				D796376023E9B26100F6707D /* ArtistTableViewCell.xib */,
				D79E034623EE051200523266 /* TrackTableViewCell.swift */,
				D79E034723EE051200523266 /* TrackTableViewCell.xib */,
			);
			path = TableCells;
			sourceTree = "<group>";
		};
		D796376623E9B86D00F6707D /* Search */ = {
			isa = PBXGroup;
			children = (
				D743EDFC23EB6F4100199F54 /* SearchViewModel.swift */,
				D76413DC23E96F0D00763DE2 /* SearchVC.swift */,
				D764140A23E973BC00763DE2 /* SearchVC.xib */,
			);
			path = Search;
			sourceTree = "<group>";
		};
		D796376723E9B87B00F6707D /* Extensions */ = {
			isa = PBXGroup;
			children = (
				D796376323E9B49C00F6707D /* UIColor+Extension.swift */,
				D796376D23E9E5A400F6707D /* UISearchBar+Extension.swift */,
				D796376B23E9C2F700F6707D /* ViewLoader.swift */,
				D796376923E9C1AE00F6707D /* UIImage+Extension.swift */,
				D77547E623EC99EF000BA5BA /* UIFont+Extensions.swift */,
				D7CF170023EEB60B00C616FB /* Int+Extension.swift */,
			);
			path = Extensions;
			sourceTree = "<group>";
		};
		D796376823E9B8C000F6707D /* BASE */ = {
			isa = PBXGroup;
			children = (
				D76413D823E96F0D00763DE2 /* AppDelegate.swift */,
				D76413DA23E96F0D00763DE2 /* SceneDelegate.swift */,
				D764140823E9720800763DE2 /* MainCoordinator.swift */,
			);
			path = BASE;
			sourceTree = "<group>";
		};
		D79DC3B223EEDCE000F32A21 /* CollectionViewCells */ = {
			isa = PBXGroup;
			children = (
				D77547E223EC9187000BA5BA /* AlbumsCollectionViewCell.swift */,
				D77547E323EC9187000BA5BA /* AlbumsCollectionViewCell.xib */,
			);
			path = CollectionViewCells;
			sourceTree = "<group>";
		};
		D79DC3B323EEDD0D00F32A21 /* Screens */ = {
			isa = PBXGroup;
			children = (
				D796376623E9B86D00F6707D /* Search */,
				D743EE0223EB778000199F54 /* Albums */,
				D79E034123EDE13A00523266 /* AlbumDetail */,
			);
			path = Screens;
			sourceTree = "<group>";
		};
		D79DC3B623EEDD2200F32A21 /* Helpers */ = {
			isa = PBXGroup;
			children = (
				D79DC3B423EEDD1E00F32A21 /* Debouncer.swift */,
			);
			path = Helpers;
			sourceTree = "<group>";
		};
		D79E034123EDE13A00523266 /* AlbumDetail */ = {
			isa = PBXGroup;
			children = (
				D79E034223EDE17100523266 /* AlbumDetailViewController.swift */,
				D79E034323EDE17100523266 /* AlbumDetailViewController.xib */,
			);
			path = AlbumDetail;
			sourceTree = "<group>";
		};
/* End PBXGroup section */

/* Begin PBXNativeTarget section */
		D76413D423E96F0D00763DE2 /* DeezerAPITest */ = {
			isa = PBXNativeTarget;
			buildConfigurationList = D76413FF23E96F0E00763DE2 /* Build configuration list for PBXNativeTarget "DeezerAPITest" */;
			buildPhases = (
				D76413D123E96F0D00763DE2 /* Sources */,
				D76413D223E96F0D00763DE2 /* Frameworks */,
				D76413D323E96F0D00763DE2 /* Resources */,
			);
			buildRules = (
			);
			dependencies = (
			);
			name = DeezerAPITest;
			productName = DeezerAPITest;
			productReference = D76413D523E96F0D00763DE2 /* DeezerAPITest.app */;
			productType = "com.apple.product-type.application";
		};
		D76413EA23E96F0E00763DE2 /* DeezerAPITestTests */ = {
			isa = PBXNativeTarget;
			buildConfigurationList = D764140223E96F0E00763DE2 /* Build configuration list for PBXNativeTarget "DeezerAPITestTests" */;
			buildPhases = (
				D76413E723E96F0E00763DE2 /* Sources */,
				D76413E823E96F0E00763DE2 /* Frameworks */,
				D76413E923E96F0E00763DE2 /* Resources */,
			);
			buildRules = (
			);
			dependencies = (
				D76413ED23E96F0E00763DE2 /* PBXTargetDependency */,
			);
			name = DeezerAPITestTests;
			productName = DeezerAPITestTests;
			productReference = D76413EB23E96F0E00763DE2 /* DeezerAPITestTests.xctest */;
			productType = "com.apple.product-type.bundle.unit-test";
		};
		D76413F523E96F0E00763DE2 /* DeezerAPITestUITests */ = {
			isa = PBXNativeTarget;
			buildConfigurationList = D764140523E96F0E00763DE2 /* Build configuration list for PBXNativeTarget "DeezerAPITestUITests" */;
			buildPhases = (
				D76413F223E96F0E00763DE2 /* Sources */,
				D76413F323E96F0E00763DE2 /* Frameworks */,
				D76413F423E96F0E00763DE2 /* Resources */,
			);
			buildRules = (
			);
			dependencies = (
				D76413F823E96F0E00763DE2 /* PBXTargetDependency */,
			);
			name = DeezerAPITestUITests;
			productName = DeezerAPITestUITests;
			productReference = D76413F623E96F0E00763DE2 /* DeezerAPITestUITests.xctest */;
			productType = "com.apple.product-type.bundle.ui-testing";
		};
/* End PBXNativeTarget section */

/* Begin PBXProject section */
		D76413CD23E96F0D00763DE2 /* Project object */ = {
			isa = PBXProject;
			attributes = {
				LastSwiftUpdateCheck = 1130;
				LastUpgradeCheck = 1130;
				ORGANIZATIONNAME = "Emin Roblack";
				TargetAttributes = {
					D76413D423E96F0D00763DE2 = {
						CreatedOnToolsVersion = 11.3.1;
					};
					D76413EA23E96F0E00763DE2 = {
						CreatedOnToolsVersion = 11.3.1;
						TestTargetID = D76413D423E96F0D00763DE2;
					};
					D76413F523E96F0E00763DE2 = {
						CreatedOnToolsVersion = 11.3.1;
						TestTargetID = D76413D423E96F0D00763DE2;
					};
				};
			};
			buildConfigurationList = D76413D023E96F0D00763DE2 /* Build configuration list for PBXProject "DeezerAPITest" */;
			compatibilityVersion = "Xcode 9.3";
			developmentRegion = en;
			hasScannedForEncodings = 0;
			knownRegions = (
				en,
				Base,
			);
			mainGroup = D76413CC23E96F0D00763DE2;
			productRefGroup = D76413D623E96F0D00763DE2 /* Products */;
			projectDirPath = "";
			projectRoot = "";
			targets = (
				D76413D423E96F0D00763DE2 /* DeezerAPITest */,
				D76413EA23E96F0E00763DE2 /* DeezerAPITestTests */,
				D76413F523E96F0E00763DE2 /* DeezerAPITestUITests */,
			);
		};
/* End PBXProject section */

/* Begin PBXResourcesBuildPhase section */
		D76413D323E96F0D00763DE2 /* Resources */ = {
			isa = PBXResourcesBuildPhase;
			buildActionMask = 2147483647;
			files = (
				D77547E523EC9187000BA5BA /* AlbumsCollectionViewCell.xib in Resources */,
				D76413E523E96F0E00763DE2 /* LaunchScreen.storyboard in Resources */,
				D76413E223E96F0E00763DE2 /* Assets.xcassets in Resources */,
				D796376223E9B26100F6707D /* ArtistTableViewCell.xib in Resources */,
				D79E034523EDE17100523266 /* AlbumDetailViewController.xib in Resources */,
				D764140B23E973BC00763DE2 /* SearchVC.xib in Resources */,
				D743EE0123EB777C00199F54 /* AlbumsViewController.xib in Resources */,
				D79E034923EE051200523266 /* TrackTableViewCell.xib in Resources */,
			);
			runOnlyForDeploymentPostprocessing = 0;
		};
		D76413E923E96F0E00763DE2 /* Resources */ = {
			isa = PBXResourcesBuildPhase;
			buildActionMask = 2147483647;
			files = (
			);
			runOnlyForDeploymentPostprocessing = 0;
		};
		D76413F423E96F0E00763DE2 /* Resources */ = {
			isa = PBXResourcesBuildPhase;
			buildActionMask = 2147483647;
			files = (
			);
			runOnlyForDeploymentPostprocessing = 0;
		};
/* End PBXResourcesBuildPhase section */

/* Begin PBXSourcesBuildPhase section */
		D76413D123E96F0D00763DE2 /* Sources */ = {
			isa = PBXSourcesBuildPhase;
			buildActionMask = 2147483647;
			files = (
				D76413DD23E96F0D00763DE2 /* SearchVC.swift in Sources */,
				D796375723E98F8900F6707D /* ApiService.swift in Sources */,
				D79E034423EDE17100523266 /* AlbumDetailViewController.swift in Sources */,
				D764140923E9720800763DE2 /* MainCoordinator.swift in Sources */,
				D796375923E995F700F6707D /* ApiResponse.swift in Sources */,
				D77547E423EC9187000BA5BA /* AlbumsCollectionViewCell.swift in Sources */,
				D77547F023ECA4B2000BA5BA /* ApiService+Albums.swift in Sources */,
				D796376123E9B26100F6707D /* ArtistTableViewCell.swift in Sources */,
				D796376C23E9C2F700F6707D /* ViewLoader.swift in Sources */,
				D79DC3B523EEDD1E00F32A21 /* Debouncer.swift in Sources */,
				D76413D923E96F0D00763DE2 /* AppDelegate.swift in Sources */,
				D796375B23E9A11800F6707D /* ApiRequest.swift in Sources */,
				D743EDFD23EB6F4100199F54 /* SearchViewModel.swift in Sources */,
				D7CF170123EEB60B00C616FB /* Int+Extension.swift in Sources */,
				D796376E23E9E5A400F6707D /* UISearchBar+Extension.swift in Sources */,
				D796375D23E9A42200F6707D /* ApiService+Search.swift in Sources */,
				D76413DB23E96F0D00763DE2 /* SceneDelegate.swift in Sources */,
				D77547EB23ECA262000BA5BA /* Artist.swift in Sources */,
				D796376A23E9C1AE00F6707D /* UIImage+Extension.swift in Sources */,
				D77547E923ECA227000BA5BA /* AlbumsViewModel.swift in Sources */,
				D79E034B23EE0F4300523266 /* Track.swift in Sources */,
				D77547E723EC99EF000BA5BA /* UIFont+Extensions.swift in Sources */,
				D79E034D23EE0FC500523266 /* ApiService+Tracklist.swift in Sources */,
				D79E034823EE051200523266 /* TrackTableViewCell.swift in Sources */,
				D796376423E9B49C00F6707D /* UIColor+Extension.swift in Sources */,
				D743EE0023EB777C00199F54 /* AlbumsViewController.swift in Sources */,
				D77547F223ECC18E000BA5BA /* AlbumDetail.swift in Sources */,
				D77547EE23ECA28E000BA5BA /* AlbumBasic.swift in Sources */,
			);
			runOnlyForDeploymentPostprocessing = 0;
		};
		D76413E723E96F0E00763DE2 /* Sources */ = {
			isa = PBXSourcesBuildPhase;
			buildActionMask = 2147483647;
			files = (
				D76413F023E96F0E00763DE2 /* DeezerAPITestTests.swift in Sources */,
			);
			runOnlyForDeploymentPostprocessing = 0;
		};
		D76413F223E96F0E00763DE2 /* Sources */ = {
			isa = PBXSourcesBuildPhase;
			buildActionMask = 2147483647;
			files = (
				D76413FB23E96F0E00763DE2 /* DeezerAPITestUITests.swift in Sources */,
			);
			runOnlyForDeploymentPostprocessing = 0;
		};
/* End PBXSourcesBuildPhase section */

/* Begin PBXTargetDependency section */
		D76413ED23E96F0E00763DE2 /* PBXTargetDependency */ = {
			isa = PBXTargetDependency;
			target = D76413D423E96F0D00763DE2 /* DeezerAPITest */;
			targetProxy = D76413EC23E96F0E00763DE2 /* PBXContainerItemProxy */;
		};
		D76413F823E96F0E00763DE2 /* PBXTargetDependency */ = {
			isa = PBXTargetDependency;
			target = D76413D423E96F0D00763DE2 /* DeezerAPITest */;
			targetProxy = D76413F723E96F0E00763DE2 /* PBXContainerItemProxy */;
		};
/* End PBXTargetDependency section */

/* Begin PBXVariantGroup section */
		D76413E323E96F0E00763DE2 /* LaunchScreen.storyboard */ = {
			isa = PBXVariantGroup;
			children = (
				D76413E423E96F0E00763DE2 /* Base */,
			);
			name = LaunchScreen.storyboard;
			sourceTree = "<group>";
		};
/* End PBXVariantGroup section */

/* Begin XCBuildConfiguration section */
		D76413FD23E96F0E00763DE2 /* Debug */ = {
			isa = XCBuildConfiguration;
			buildSettings = {
				ALWAYS_SEARCH_USER_PATHS = NO;
				CLANG_ANALYZER_NONNULL = YES;
				CLANG_ANALYZER_NUMBER_OBJECT_CONVERSION = YES_AGGRESSIVE;
				CLANG_CXX_LANGUAGE_STANDARD = "gnu++14";
				CLANG_CXX_LIBRARY = "libc++";
				CLANG_ENABLE_MODULES = YES;
				CLANG_ENABLE_OBJC_ARC = YES;
				CLANG_ENABLE_OBJC_WEAK = YES;
				CLANG_WARN_BLOCK_CAPTURE_AUTORELEASING = YES;
				CLANG_WARN_BOOL_CONVERSION = YES;
				CLANG_WARN_COMMA = YES;
				CLANG_WARN_CONSTANT_CONVERSION = YES;
				CLANG_WARN_DEPRECATED_OBJC_IMPLEMENTATIONS = YES;
				CLANG_WARN_DIRECT_OBJC_ISA_USAGE = YES_ERROR;
				CLANG_WARN_DOCUMENTATION_COMMENTS = YES;
				CLANG_WARN_EMPTY_BODY = YES;
				CLANG_WARN_ENUM_CONVERSION = YES;
				CLANG_WARN_INFINITE_RECURSION = YES;
				CLANG_WARN_INT_CONVERSION = YES;
				CLANG_WARN_NON_LITERAL_NULL_CONVERSION = YES;
				CLANG_WARN_OBJC_IMPLICIT_RETAIN_SELF = YES;
				CLANG_WARN_OBJC_LITERAL_CONVERSION = YES;
				CLANG_WARN_OBJC_ROOT_CLASS = YES_ERROR;
				CLANG_WARN_RANGE_LOOP_ANALYSIS = YES;
				CLANG_WARN_STRICT_PROTOTYPES = YES;
				CLANG_WARN_SUSPICIOUS_MOVE = YES;
				CLANG_WARN_UNGUARDED_AVAILABILITY = YES_AGGRESSIVE;
				CLANG_WARN_UNREACHABLE_CODE = YES;
				CLANG_WARN__DUPLICATE_METHOD_MATCH = YES;
				COPY_PHASE_STRIP = NO;
				DEBUG_INFORMATION_FORMAT = dwarf;
				ENABLE_STRICT_OBJC_MSGSEND = YES;
				ENABLE_TESTABILITY = YES;
				GCC_C_LANGUAGE_STANDARD = gnu11;
				GCC_DYNAMIC_NO_PIC = NO;
				GCC_NO_COMMON_BLOCKS = YES;
				GCC_OPTIMIZATION_LEVEL = 0;
				GCC_PREPROCESSOR_DEFINITIONS = (
					"DEBUG=1",
					"$(inherited)",
				);
				GCC_WARN_64_TO_32_BIT_CONVERSION = YES;
				GCC_WARN_ABOUT_RETURN_TYPE = YES_ERROR;
				GCC_WARN_UNDECLARED_SELECTOR = YES;
				GCC_WARN_UNINITIALIZED_AUTOS = YES_AGGRESSIVE;
				GCC_WARN_UNUSED_FUNCTION = YES;
				GCC_WARN_UNUSED_VARIABLE = YES;
				IPHONEOS_DEPLOYMENT_TARGET = 13.2;
				MTL_ENABLE_DEBUG_INFO = INCLUDE_SOURCE;
				MTL_FAST_MATH = YES;
				ONLY_ACTIVE_ARCH = YES;
				SDKROOT = iphoneos;
				SWIFT_ACTIVE_COMPILATION_CONDITIONS = DEBUG;
				SWIFT_OPTIMIZATION_LEVEL = "-Onone";
			};
			name = Debug;
		};
		D76413FE23E96F0E00763DE2 /* Release */ = {
			isa = XCBuildConfiguration;
			buildSettings = {
				ALWAYS_SEARCH_USER_PATHS = NO;
				CLANG_ANALYZER_NONNULL = YES;
				CLANG_ANALYZER_NUMBER_OBJECT_CONVERSION = YES_AGGRESSIVE;
				CLANG_CXX_LANGUAGE_STANDARD = "gnu++14";
				CLANG_CXX_LIBRARY = "libc++";
				CLANG_ENABLE_MODULES = YES;
				CLANG_ENABLE_OBJC_ARC = YES;
				CLANG_ENABLE_OBJC_WEAK = YES;
				CLANG_WARN_BLOCK_CAPTURE_AUTORELEASING = YES;
				CLANG_WARN_BOOL_CONVERSION = YES;
				CLANG_WARN_COMMA = YES;
				CLANG_WARN_CONSTANT_CONVERSION = YES;
				CLANG_WARN_DEPRECATED_OBJC_IMPLEMENTATIONS = YES;
				CLANG_WARN_DIRECT_OBJC_ISA_USAGE = YES_ERROR;
				CLANG_WARN_DOCUMENTATION_COMMENTS = YES;
				CLANG_WARN_EMPTY_BODY = YES;
				CLANG_WARN_ENUM_CONVERSION = YES;
				CLANG_WARN_INFINITE_RECURSION = YES;
				CLANG_WARN_INT_CONVERSION = YES;
				CLANG_WARN_NON_LITERAL_NULL_CONVERSION = YES;
				CLANG_WARN_OBJC_IMPLICIT_RETAIN_SELF = YES;
				CLANG_WARN_OBJC_LITERAL_CONVERSION = YES;
				CLANG_WARN_OBJC_ROOT_CLASS = YES_ERROR;
				CLANG_WARN_RANGE_LOOP_ANALYSIS = YES;
				CLANG_WARN_STRICT_PROTOTYPES = YES;
				CLANG_WARN_SUSPICIOUS_MOVE = YES;
				CLANG_WARN_UNGUARDED_AVAILABILITY = YES_AGGRESSIVE;
				CLANG_WARN_UNREACHABLE_CODE = YES;
				CLANG_WARN__DUPLICATE_METHOD_MATCH = YES;
				COPY_PHASE_STRIP = NO;
				DEBUG_INFORMATION_FORMAT = "dwarf-with-dsym";
				ENABLE_NS_ASSERTIONS = NO;
				ENABLE_STRICT_OBJC_MSGSEND = YES;
				GCC_C_LANGUAGE_STANDARD = gnu11;
				GCC_NO_COMMON_BLOCKS = YES;
				GCC_WARN_64_TO_32_BIT_CONVERSION = YES;
				GCC_WARN_ABOUT_RETURN_TYPE = YES_ERROR;
				GCC_WARN_UNDECLARED_SELECTOR = YES;
				GCC_WARN_UNINITIALIZED_AUTOS = YES_AGGRESSIVE;
				GCC_WARN_UNUSED_FUNCTION = YES;
				GCC_WARN_UNUSED_VARIABLE = YES;
				IPHONEOS_DEPLOYMENT_TARGET = 13.2;
				MTL_ENABLE_DEBUG_INFO = NO;
				MTL_FAST_MATH = YES;
				SDKROOT = iphoneos;
				SWIFT_COMPILATION_MODE = wholemodule;
				SWIFT_OPTIMIZATION_LEVEL = "-O";
				VALIDATE_PRODUCT = YES;
			};
			name = Release;
		};
		D764140023E96F0E00763DE2 /* Debug */ = {
			isa = XCBuildConfiguration;
			buildSettings = {
				ASSETCATALOG_COMPILER_APPICON_NAME = AppIcon;
				CODE_SIGN_STYLE = Automatic;
				DEVELOPMENT_TEAM = ZQCK5WLKEQ;
				INFOPLIST_FILE = DeezerAPITest/Info.plist;
				IPHONEOS_DEPLOYMENT_TARGET = 13.0;
				LD_RUNPATH_SEARCH_PATHS = (
					"$(inherited)",
					"@executable_path/Frameworks",
				);
				MARKETING_VERSION = 0.1;
				PRODUCT_BUNDLE_IDENTIFIER = com.roblack.DeezerAPITest;
				PRODUCT_NAME = "$(TARGET_NAME)";
				SWIFT_VERSION = 5.0;
				TARGETED_DEVICE_FAMILY = 1;
			};
			name = Debug;
		};
		D764140123E96F0E00763DE2 /* Release */ = {
			isa = XCBuildConfiguration;
			buildSettings = {
				ASSETCATALOG_COMPILER_APPICON_NAME = AppIcon;
				CODE_SIGN_STYLE = Automatic;
				DEVELOPMENT_TEAM = ZQCK5WLKEQ;
				INFOPLIST_FILE = DeezerAPITest/Info.plist;
				IPHONEOS_DEPLOYMENT_TARGET = 13.0;
				LD_RUNPATH_SEARCH_PATHS = (
					"$(inherited)",
					"@executable_path/Frameworks",
				);
				MARKETING_VERSION = 0.1;
				PRODUCT_BUNDLE_IDENTIFIER = com.roblack.DeezerAPITest;
				PRODUCT_NAME = "$(TARGET_NAME)";
				SWIFT_VERSION = 5.0;
				TARGETED_DEVICE_FAMILY = 1;
			};
			name = Release;
		};
		D764140323E96F0E00763DE2 /* Debug */ = {
			isa = XCBuildConfiguration;
			buildSettings = {
				ALWAYS_EMBED_SWIFT_STANDARD_LIBRARIES = YES;
				BUNDLE_LOADER = "$(TEST_HOST)";
				CODE_SIGN_STYLE = Automatic;
				DEVELOPMENT_TEAM = ZQCK5WLKEQ;
				INFOPLIST_FILE = DeezerAPITestTests/Info.plist;
				IPHONEOS_DEPLOYMENT_TARGET = 13.2;
				LD_RUNPATH_SEARCH_PATHS = (
					"$(inherited)",
					"@executable_path/Frameworks",
					"@loader_path/Frameworks",
				);
				PRODUCT_BUNDLE_IDENTIFIER = com.roblack.DeezerAPITestTests;
				PRODUCT_NAME = "$(TARGET_NAME)";
				SWIFT_VERSION = 5.0;
				TARGETED_DEVICE_FAMILY = "1,2";
				TEST_HOST = "$(BUILT_PRODUCTS_DIR)/DeezerAPITest.app/DeezerAPITest";
			};
			name = Debug;
		};
		D764140423E96F0E00763DE2 /* Release */ = {
			isa = XCBuildConfiguration;
			buildSettings = {
				ALWAYS_EMBED_SWIFT_STANDARD_LIBRARIES = YES;
				BUNDLE_LOADER = "$(TEST_HOST)";
				CODE_SIGN_STYLE = Automatic;
				DEVELOPMENT_TEAM = ZQCK5WLKEQ;
				INFOPLIST_FILE = DeezerAPITestTests/Info.plist;
				IPHONEOS_DEPLOYMENT_TARGET = 13.2;
				LD_RUNPATH_SEARCH_PATHS = (
					"$(inherited)",
					"@executable_path/Frameworks",
					"@loader_path/Frameworks",
				);
				PRODUCT_BUNDLE_IDENTIFIER = com.roblack.DeezerAPITestTests;
				PRODUCT_NAME = "$(TARGET_NAME)";
				SWIFT_VERSION = 5.0;
				TARGETED_DEVICE_FAMILY = "1,2";
				TEST_HOST = "$(BUILT_PRODUCTS_DIR)/DeezerAPITest.app/DeezerAPITest";
			};
			name = Release;
		};
		D764140623E96F0E00763DE2 /* Debug */ = {
			isa = XCBuildConfiguration;
			buildSettings = {
				ALWAYS_EMBED_SWIFT_STANDARD_LIBRARIES = YES;
				CODE_SIGN_STYLE = Automatic;
				DEVELOPMENT_TEAM = ZQCK5WLKEQ;
				INFOPLIST_FILE = DeezerAPITestUITests/Info.plist;
				LD_RUNPATH_SEARCH_PATHS = (
					"$(inherited)",
					"@executable_path/Frameworks",
					"@loader_path/Frameworks",
				);
				PRODUCT_BUNDLE_IDENTIFIER = com.roblack.DeezerAPITestUITests;
				PRODUCT_NAME = "$(TARGET_NAME)";
				SWIFT_VERSION = 5.0;
				TARGETED_DEVICE_FAMILY = "1,2";
				TEST_TARGET_NAME = DeezerAPITest;
			};
			name = Debug;
		};
		D764140723E96F0E00763DE2 /* Release */ = {
			isa = XCBuildConfiguration;
			buildSettings = {
				ALWAYS_EMBED_SWIFT_STANDARD_LIBRARIES = YES;
				CODE_SIGN_STYLE = Automatic;
				DEVELOPMENT_TEAM = ZQCK5WLKEQ;
				INFOPLIST_FILE = DeezerAPITestUITests/Info.plist;
				LD_RUNPATH_SEARCH_PATHS = (
					"$(inherited)",
					"@executable_path/Frameworks",
					"@loader_path/Frameworks",
				);
				PRODUCT_BUNDLE_IDENTIFIER = com.roblack.DeezerAPITestUITests;
				PRODUCT_NAME = "$(TARGET_NAME)";
				SWIFT_VERSION = 5.0;
				TARGETED_DEVICE_FAMILY = "1,2";
				TEST_TARGET_NAME = DeezerAPITest;
			};
			name = Release;
		};
/* End XCBuildConfiguration section */

/* Begin XCConfigurationList section */
		D76413D023E96F0D00763DE2 /* Build configuration list for PBXProject "DeezerAPITest" */ = {
			isa = XCConfigurationList;
			buildConfigurations = (
				D76413FD23E96F0E00763DE2 /* Debug */,
				D76413FE23E96F0E00763DE2 /* Release */,
			);
			defaultConfigurationIsVisible = 0;
			defaultConfigurationName = Release;
		};
		D76413FF23E96F0E00763DE2 /* Build configuration list for PBXNativeTarget "DeezerAPITest" */ = {
			isa = XCConfigurationList;
			buildConfigurations = (
				D764140023E96F0E00763DE2 /* Debug */,
				D764140123E96F0E00763DE2 /* Release */,
			);
			defaultConfigurationIsVisible = 0;
			defaultConfigurationName = Release;
		};
		D764140223E96F0E00763DE2 /* Build configuration list for PBXNativeTarget "DeezerAPITestTests" */ = {
			isa = XCConfigurationList;
			buildConfigurations = (
				D764140323E96F0E00763DE2 /* Debug */,
				D764140423E96F0E00763DE2 /* Release */,
			);
			defaultConfigurationIsVisible = 0;
			defaultConfigurationName = Release;
		};
		D764140523E96F0E00763DE2 /* Build configuration list for PBXNativeTarget "DeezerAPITestUITests" */ = {
			isa = XCConfigurationList;
			buildConfigurations = (
				D764140623E96F0E00763DE2 /* Debug */,
				D764140723E96F0E00763DE2 /* Release */,
			);
			defaultConfigurationIsVisible = 0;
			defaultConfigurationName = Release;
		};
/* End XCConfigurationList section */
	};
	rootObject = D76413CD23E96F0D00763DE2 /* Project object */;
}
